// !$*UTF8*$!
{
	archiveVersion = 1;
	classes = {
	};
	objectVersion = 50;
	objects = {

/* Begin PBXBuildFile section */
		E50015BF2369E0BB00A0DBBF /* JourneyAsset.xcassets in Resources */ = {isa = PBXBuildFile; fileRef = E59BF12F2369DDAE00681BB0 /* JourneyAsset.xcassets */; };
		E50015CC2369E22500A0DBBF /* CoreModels.framework in Frameworks */ = {isa = PBXBuildFile; fileRef = E50015C52369E22500A0DBBF /* CoreModels.framework */; };
		E50015CD2369E22500A0DBBF /* CoreModels.framework in CopyFiles */ = {isa = PBXBuildFile; fileRef = E50015C52369E22500A0DBBF /* CoreModels.framework */; settings = {ATTRIBUTES = (CodeSignOnCopy, RemoveHeadersOnCopy, ); }; };
		E50015D32369E23600A0DBBF /* CoreModels.swift in Sources */ = {isa = PBXBuildFile; fileRef = E50015D22369E23600A0DBBF /* CoreModels.swift */; };
		E50015D72369E42600A0DBBF /* Integrations.swift in Sources */ = {isa = PBXBuildFile; fileRef = E50015D62369E42600A0DBBF /* Integrations.swift */; };
		E50015E42369E45C00A0DBBF /* AppLayer.framework in Frameworks */ = {isa = PBXBuildFile; fileRef = E50015DD2369E45C00A0DBBF /* AppLayer.framework */; };
		E50015EA2369E49600A0DBBF /* AppInitializer.swift in Sources */ = {isa = PBXBuildFile; fileRef = E50015E92369E49600A0DBBF /* AppInitializer.swift */; };
		E5039BFA2369837800F20E49 /* AppDelegate.swift in Sources */ = {isa = PBXBuildFile; fileRef = E5039BF92369837800F20E49 /* AppDelegate.swift */; };
		E5039C002369837C00F20E49 /* Assets.xcassets in Resources */ = {isa = PBXBuildFile; fileRef = E5039BFF2369837C00F20E49 /* Assets.xcassets */; };
		E5039C032369837C00F20E49 /* Preview Assets.xcassets in Resources */ = {isa = PBXBuildFile; fileRef = E5039C022369837C00F20E49 /* Preview Assets.xcassets */; };
		E5039C062369837C00F20E49 /* LaunchScreen.storyboard in Resources */ = {isa = PBXBuildFile; fileRef = E5039C042369837C00F20E49 /* LaunchScreen.storyboard */; };
		E5039C1F236983BA00F20E49 /* JourneyMessage.swift in Sources */ = {isa = PBXBuildFile; fileRef = E5039BFD2369837800F20E49 /* JourneyMessage.swift */; };
		E59BF1152369D66200681BB0 /* ExampleJourneyIntegration.swift in Sources */ = {isa = PBXBuildFile; fileRef = E59BF1142369D66200681BB0 /* ExampleJourneyIntegration.swift */; };
		E59BF1222369D97E00681BB0 /* TestDynamicLinkingUITests.swift in Sources */ = {isa = PBXBuildFile; fileRef = E59BF1212369D97E00681BB0 /* TestDynamicLinkingUITests.swift */; };
		E59BF1342369DF4E00681BB0 /* JourneyAsset.xcassets in Resources */ = {isa = PBXBuildFile; fileRef = E59BF12F2369DDAE00681BB0 /* JourneyAsset.xcassets */; };
/* End PBXBuildFile section */

/* Begin PBXContainerItemProxy section */
		E50015CA2369E22500A0DBBF /* PBXContainerItemProxy */ = {
			isa = PBXContainerItemProxy;
			containerPortal = E5039BEE2369837800F20E49 /* Project object */;
			proxyType = 1;
			remoteGlobalIDString = E50015C42369E22500A0DBBF;
			remoteInfo = CoreModels;
		};
		E50015D42369E29000A0DBBF /* PBXContainerItemProxy */ = {
			isa = PBXContainerItemProxy;
			containerPortal = E5039BEE2369837800F20E49 /* Project object */;
			proxyType = 1;
			remoteGlobalIDString = E50015C42369E22500A0DBBF;
			remoteInfo = CoreModels;
		};
		E50015E22369E45C00A0DBBF /* PBXContainerItemProxy */ = {
			isa = PBXContainerItemProxy;
			containerPortal = E5039BEE2369837800F20E49 /* Project object */;
			proxyType = 1;
			remoteGlobalIDString = E50015DC2369E45C00A0DBBF;
			remoteInfo = AppLayer;
		};
		E50015EB2369E4C600A0DBBF /* PBXContainerItemProxy */ = {
			isa = PBXContainerItemProxy;
			containerPortal = E5039BEE2369837800F20E49 /* Project object */;
			proxyType = 1;
			remoteGlobalIDString = E50015C42369E22500A0DBBF;
			remoteInfo = CoreModels;
		};
		E59BF1242369D97E00681BB0 /* PBXContainerItemProxy */ = {
			isa = PBXContainerItemProxy;
			containerPortal = E5039BEE2369837800F20E49 /* Project object */;
			proxyType = 1;
			remoteGlobalIDString = E5039BF52369837800F20E49;
			remoteInfo = TestDynamicLinking;
		};
		E59BF12D2369DCCF00681BB0 /* PBXContainerItemProxy */ = {
			isa = PBXContainerItemProxy;
			containerPortal = E5039BEE2369837800F20E49 /* Project object */;
			proxyType = 1;
			remoteGlobalIDString = E5039C11236983B500F20E49;
			remoteInfo = ExampleJourney;
		};
/* End PBXContainerItemProxy section */

/* Begin PBXCopyFilesBuildPhase section */
		E5039C202369858E00F20E49 /* CopyFiles */ = {
			isa = PBXCopyFilesBuildPhase;
			buildActionMask = 2147483647;
			dstPath = "";
			dstSubfolderSpec = 10;
			files = (
				E50015CD2369E22500A0DBBF /* CoreModels.framework in CopyFiles */,
			);
			runOnlyForDeploymentPostprocessing = 0;
		};
/* End PBXCopyFilesBuildPhase section */

/* Begin PBXFileReference section */
		E50015C52369E22500A0DBBF /* CoreModels.framework */ = {isa = PBXFileReference; explicitFileType = wrapper.framework; includeInIndex = 0; path = CoreModels.framework; sourceTree = BUILT_PRODUCTS_DIR; };
		E50015C82369E22500A0DBBF /* Info.plist */ = {isa = PBXFileReference; lastKnownFileType = text.plist.xml; path = Info.plist; sourceTree = "<group>"; };
		E50015D22369E23600A0DBBF /* CoreModels.swift */ = {isa = PBXFileReference; lastKnownFileType = sourcecode.swift; path = CoreModels.swift; sourceTree = "<group>"; };
		E50015D62369E42600A0DBBF /* Integrations.swift */ = {isa = PBXFileReference; lastKnownFileType = sourcecode.swift; path = Integrations.swift; sourceTree = "<group>"; };
		E50015DD2369E45C00A0DBBF /* AppLayer.framework */ = {isa = PBXFileReference; explicitFileType = wrapper.framework; includeInIndex = 0; path = AppLayer.framework; sourceTree = BUILT_PRODUCTS_DIR; };
		E50015E02369E45C00A0DBBF /* Info.plist */ = {isa = PBXFileReference; lastKnownFileType = text.plist.xml; path = Info.plist; sourceTree = "<group>"; };
		E50015E92369E49600A0DBBF /* AppInitializer.swift */ = {isa = PBXFileReference; lastKnownFileType = sourcecode.swift; path = AppInitializer.swift; sourceTree = "<group>"; };
		E5039BF62369837800F20E49 /* TestDynamicLinking.app */ = {isa = PBXFileReference; explicitFileType = wrapper.application; includeInIndex = 0; path = TestDynamicLinking.app; sourceTree = BUILT_PRODUCTS_DIR; };
		E5039BF92369837800F20E49 /* AppDelegate.swift */ = {isa = PBXFileReference; lastKnownFileType = sourcecode.swift; path = AppDelegate.swift; sourceTree = "<group>"; };
		E5039BFD2369837800F20E49 /* JourneyMessage.swift */ = {isa = PBXFileReference; lastKnownFileType = sourcecode.swift; path = JourneyMessage.swift; sourceTree = "<group>"; };
		E5039BFF2369837C00F20E49 /* Assets.xcassets */ = {isa = PBXFileReference; lastKnownFileType = folder.assetcatalog; path = Assets.xcassets; sourceTree = "<group>"; };
		E5039C022369837C00F20E49 /* Preview Assets.xcassets */ = {isa = PBXFileReference; lastKnownFileType = folder.assetcatalog; path = "Preview Assets.xcassets"; sourceTree = "<group>"; };
		E5039C052369837C00F20E49 /* Base */ = {isa = PBXFileReference; lastKnownFileType = file.storyboard; name = Base; path = Base.lproj/LaunchScreen.storyboard; sourceTree = "<group>"; };
		E5039C072369837C00F20E49 /* Info.plist */ = {isa = PBXFileReference; lastKnownFileType = text.plist.xml; path = Info.plist; sourceTree = "<group>"; };
		E5039C12236983B500F20E49 /* ExampleJourney.framework */ = {isa = PBXFileReference; explicitFileType = wrapper.framework; includeInIndex = 0; path = ExampleJourney.framework; sourceTree = BUILT_PRODUCTS_DIR; };
		E5039C15236983B500F20E49 /* Info.plist */ = {isa = PBXFileReference; lastKnownFileType = text.plist.xml; path = Info.plist; sourceTree = "<group>"; };
		E59BF1072369D61000681BB0 /* ExampleJourneyIntegration.framework */ = {isa = PBXFileReference; explicitFileType = wrapper.framework; includeInIndex = 0; path = ExampleJourneyIntegration.framework; sourceTree = BUILT_PRODUCTS_DIR; };
		E59BF10A2369D61000681BB0 /* Info.plist */ = {isa = PBXFileReference; lastKnownFileType = text.plist.xml; path = Info.plist; sourceTree = "<group>"; };
		E59BF1142369D66200681BB0 /* ExampleJourneyIntegration.swift */ = {isa = PBXFileReference; lastKnownFileType = sourcecode.swift; path = ExampleJourneyIntegration.swift; sourceTree = "<group>"; };
		E59BF11F2369D97E00681BB0 /* TestDynamicLinkingUITests.xctest */ = {isa = PBXFileReference; explicitFileType = wrapper.cfbundle; includeInIndex = 0; path = TestDynamicLinkingUITests.xctest; sourceTree = BUILT_PRODUCTS_DIR; };
		E59BF1212369D97E00681BB0 /* TestDynamicLinkingUITests.swift */ = {isa = PBXFileReference; lastKnownFileType = sourcecode.swift; path = TestDynamicLinkingUITests.swift; sourceTree = "<group>"; };
		E59BF1232369D97E00681BB0 /* Info.plist */ = {isa = PBXFileReference; lastKnownFileType = text.plist.xml; path = Info.plist; sourceTree = "<group>"; };
		E59BF12F2369DDAE00681BB0 /* JourneyAsset.xcassets */ = {isa = PBXFileReference; lastKnownFileType = folder.assetcatalog; path = JourneyAsset.xcassets; sourceTree = "<group>"; };
/* End PBXFileReference section */

/* Begin PBXFrameworksBuildPhase section */
		E50015C22369E22500A0DBBF /* Frameworks */ = {
			isa = PBXFrameworksBuildPhase;
			buildActionMask = 2147483647;
			files = (
			);
			runOnlyForDeploymentPostprocessing = 0;
		};
		E50015D12369E22500A0DBBF /* Frameworks */ = {
			isa = PBXFrameworksBuildPhase;
			buildActionMask = 2147483647;
			files = (
				E50015E42369E45C00A0DBBF /* AppLayer.framework in Frameworks */,
				E50015CC2369E22500A0DBBF /* CoreModels.framework in Frameworks */,
			);
			runOnlyForDeploymentPostprocessing = 0;
		};
		E50015DA2369E45C00A0DBBF /* Frameworks */ = {
			isa = PBXFrameworksBuildPhase;
			buildActionMask = 2147483647;
			files = (
			);
			runOnlyForDeploymentPostprocessing = 0;
		};
		E5039C0F236983B500F20E49 /* Frameworks */ = {
			isa = PBXFrameworksBuildPhase;
			buildActionMask = 2147483647;
			files = (
			);
			runOnlyForDeploymentPostprocessing = 0;
		};
		E59BF1042369D61000681BB0 /* Frameworks */ = {
			isa = PBXFrameworksBuildPhase;
			buildActionMask = 2147483647;
			files = (
			);
			runOnlyForDeploymentPostprocessing = 0;
		};
		E59BF11C2369D97E00681BB0 /* Frameworks */ = {
			isa = PBXFrameworksBuildPhase;
			buildActionMask = 2147483647;
			files = (
			);
			runOnlyForDeploymentPostprocessing = 0;
		};
/* End PBXFrameworksBuildPhase section */

/* Begin PBXGroup section */
		E50015C62369E22500A0DBBF /* CoreModels */ = {
			isa = PBXGroup;
			children = (
				E50015D22369E23600A0DBBF /* CoreModels.swift */,
				E50015C82369E22500A0DBBF /* Info.plist */,
			);
			path = CoreModels;
			sourceTree = "<group>";
		};
		E50015DE2369E45C00A0DBBF /* AppLayer */ = {
			isa = PBXGroup;
			children = (
				E50015E92369E49600A0DBBF /* AppInitializer.swift */,
				E50015E02369E45C00A0DBBF /* Info.plist */,
			);
			path = AppLayer;
			sourceTree = "<group>";
		};
		E5039BED2369837800F20E49 = {
			isa = PBXGroup;
			children = (
				E5039BF82369837800F20E49 /* TestDynamicLinking */,
				E50015DE2369E45C00A0DBBF /* AppLayer */,
				E5039C13236983B500F20E49 /* ExampleJourney */,
				E59BF1082369D61000681BB0 /* ExampleJourneyIntegration */,
				E59BF1202369D97E00681BB0 /* TestDynamicLinkingUITests */,
				E50015C62369E22500A0DBBF /* CoreModels */,
				E5039BF72369837800F20E49 /* Products */,
			);
			sourceTree = "<group>";
		};
		E5039BF72369837800F20E49 /* Products */ = {
			isa = PBXGroup;
			children = (
				E5039BF62369837800F20E49 /* TestDynamicLinking.app */,
				E5039C12236983B500F20E49 /* ExampleJourney.framework */,
				E59BF1072369D61000681BB0 /* ExampleJourneyIntegration.framework */,
				E59BF11F2369D97E00681BB0 /* TestDynamicLinkingUITests.xctest */,
				E50015C52369E22500A0DBBF /* CoreModels.framework */,
				E50015DD2369E45C00A0DBBF /* AppLayer.framework */,
			);
			name = Products;
			sourceTree = "<group>";
		};
		E5039BF82369837800F20E49 /* TestDynamicLinking */ = {
			isa = PBXGroup;
			children = (
				E5039BF92369837800F20E49 /* AppDelegate.swift */,
				E50015D62369E42600A0DBBF /* Integrations.swift */,
				E5039BFF2369837C00F20E49 /* Assets.xcassets */,
				E5039C042369837C00F20E49 /* LaunchScreen.storyboard */,
				E5039C072369837C00F20E49 /* Info.plist */,
				E5039C012369837C00F20E49 /* Preview Content */,
			);
			path = TestDynamicLinking;
			sourceTree = "<group>";
		};
		E5039C012369837C00F20E49 /* Preview Content */ = {
			isa = PBXGroup;
			children = (
				E5039C022369837C00F20E49 /* Preview Assets.xcassets */,
			);
			path = "Preview Content";
			sourceTree = "<group>";
		};
		E5039C13236983B500F20E49 /* ExampleJourney */ = {
			isa = PBXGroup;
			children = (
				E5039BFD2369837800F20E49 /* JourneyMessage.swift */,
				E5039C15236983B500F20E49 /* Info.plist */,
				E59BF12F2369DDAE00681BB0 /* JourneyAsset.xcassets */,
			);
			path = ExampleJourney;
			sourceTree = "<group>";
		};
		E59BF1082369D61000681BB0 /* ExampleJourneyIntegration */ = {
			isa = PBXGroup;
			children = (
				E59BF1142369D66200681BB0 /* ExampleJourneyIntegration.swift */,
				E59BF10A2369D61000681BB0 /* Info.plist */,
			);
			path = ExampleJourneyIntegration;
			sourceTree = "<group>";
		};
		E59BF1202369D97E00681BB0 /* TestDynamicLinkingUITests */ = {
			isa = PBXGroup;
			children = (
				E59BF1212369D97E00681BB0 /* TestDynamicLinkingUITests.swift */,
				E59BF1232369D97E00681BB0 /* Info.plist */,
			);
			path = TestDynamicLinkingUITests;
			sourceTree = "<group>";
		};
/* End PBXGroup section */

/* Begin PBXHeadersBuildPhase section */
		E50015C02369E22500A0DBBF /* Headers */ = {
			isa = PBXHeadersBuildPhase;
			buildActionMask = 2147483647;
			files = (
			);
			runOnlyForDeploymentPostprocessing = 0;
		};
		E50015D82369E45C00A0DBBF /* Headers */ = {
			isa = PBXHeadersBuildPhase;
			buildActionMask = 2147483647;
			files = (
			);
			runOnlyForDeploymentPostprocessing = 0;
		};
		E5039C0D236983B500F20E49 /* Headers */ = {
			isa = PBXHeadersBuildPhase;
			buildActionMask = 2147483647;
			files = (
			);
			runOnlyForDeploymentPostprocessing = 0;
		};
		E59BF1022369D61000681BB0 /* Headers */ = {
			isa = PBXHeadersBuildPhase;
			buildActionMask = 2147483647;
			files = (
			);
			runOnlyForDeploymentPostprocessing = 0;
		};
/* End PBXHeadersBuildPhase section */

/* Begin PBXNativeTarget section */
		E50015C42369E22500A0DBBF /* CoreModels */ = {
			isa = PBXNativeTarget;
			buildConfigurationList = E50015CE2369E22500A0DBBF /* Build configuration list for PBXNativeTarget "CoreModels" */;
			buildPhases = (
				E50015C02369E22500A0DBBF /* Headers */,
				E50015C12369E22500A0DBBF /* Sources */,
				E50015C22369E22500A0DBBF /* Frameworks */,
				E50015C32369E22500A0DBBF /* Resources */,
			);
			buildRules = (
			);
			dependencies = (
			);
			name = CoreModels;
			productName = CoreModels;
			productReference = E50015C52369E22500A0DBBF /* CoreModels.framework */;
			productType = "com.apple.product-type.framework";
		};
		E50015DC2369E45C00A0DBBF /* AppLayer */ = {
			isa = PBXNativeTarget;
			buildConfigurationList = E50015E62369E45C00A0DBBF /* Build configuration list for PBXNativeTarget "AppLayer" */;
			buildPhases = (
				E50015D82369E45C00A0DBBF /* Headers */,
				E50015D92369E45C00A0DBBF /* Sources */,
				E50015DA2369E45C00A0DBBF /* Frameworks */,
				E50015DB2369E45C00A0DBBF /* Resources */,
			);
			buildRules = (
			);
			dependencies = (
				E50015EC2369E4C600A0DBBF /* PBXTargetDependency */,
			);
			name = AppLayer;
			productName = AppLayer;
			productReference = E50015DD2369E45C00A0DBBF /* AppLayer.framework */;
			productType = "com.apple.product-type.framework";
		};
		E5039BF52369837800F20E49 /* TestDynamicLinking */ = {
			isa = PBXNativeTarget;
			buildConfigurationList = E5039C0A2369837C00F20E49 /* Build configuration list for PBXNativeTarget "TestDynamicLinking" */;
			buildPhases = (
				E5039BF22369837800F20E49 /* Sources */,
				E5039BF42369837800F20E49 /* Resources */,
				E50015D12369E22500A0DBBF /* Frameworks */,
				E5039C202369858E00F20E49 /* CopyFiles */,
			);
			buildRules = (
			);
			dependencies = (
				E50015CB2369E22500A0DBBF /* PBXTargetDependency */,
				E50015E32369E45C00A0DBBF /* PBXTargetDependency */,
			);
			name = TestDynamicLinking;
			productName = TestDynamicLinking;
			productReference = E5039BF62369837800F20E49 /* TestDynamicLinking.app */;
			productType = "com.apple.product-type.application";
		};
		E5039C11236983B500F20E49 /* ExampleJourney */ = {
			isa = PBXNativeTarget;
			buildConfigurationList = E5039C1B236983B500F20E49 /* Build configuration list for PBXNativeTarget "ExampleJourney" */;
			buildPhases = (
				E5039C0D236983B500F20E49 /* Headers */,
				E5039C0E236983B500F20E49 /* Sources */,
				E5039C0F236983B500F20E49 /* Frameworks */,
				E5039C10236983B500F20E49 /* Resources */,
			);
			buildRules = (
			);
			dependencies = (
			);
			name = ExampleJourney;
			productName = ExampleJourney;
			productReference = E5039C12236983B500F20E49 /* ExampleJourney.framework */;
			productType = "com.apple.product-type.framework";
		};
		E59BF1062369D61000681BB0 /* ExampleJourneyIntegration */ = {
			isa = PBXNativeTarget;
			buildConfigurationList = E59BF1102369D61000681BB0 /* Build configuration list for PBXNativeTarget "ExampleJourneyIntegration" */;
			buildPhases = (
				E59BF1022369D61000681BB0 /* Headers */,
				E59BF1032369D61000681BB0 /* Sources */,
				E59BF1042369D61000681BB0 /* Frameworks */,
				E59BF1052369D61000681BB0 /* Resources */,
			);
			buildRules = (
			);
			dependencies = (
				E50015D52369E29000A0DBBF /* PBXTargetDependency */,
				E59BF12E2369DCCF00681BB0 /* PBXTargetDependency */,
			);
			name = ExampleJourneyIntegration;
			productName = ExampleJourneyIntegration;
			productReference = E59BF1072369D61000681BB0 /* ExampleJourneyIntegration.framework */;
			productType = "com.apple.product-type.framework";
		};
		E59BF11E2369D97E00681BB0 /* TestDynamicLinkingUITests */ = {
			isa = PBXNativeTarget;
			buildConfigurationList = E59BF1262369D97E00681BB0 /* Build configuration list for PBXNativeTarget "TestDynamicLinkingUITests" */;
			buildPhases = (
				E59BF11B2369D97E00681BB0 /* Sources */,
				E59BF11C2369D97E00681BB0 /* Frameworks */,
				E59BF11D2369D97E00681BB0 /* Resources */,
			);
			buildRules = (
			);
			dependencies = (
				E59BF1252369D97E00681BB0 /* PBXTargetDependency */,
			);
			name = TestDynamicLinkingUITests;
			productName = TestDynamicLinkingUITests;
			productReference = E59BF11F2369D97E00681BB0 /* TestDynamicLinkingUITests.xctest */;
			productType = "com.apple.product-type.bundle.ui-testing";
		};
/* End PBXNativeTarget section */

/* Begin PBXProject section */
		E5039BEE2369837800F20E49 /* Project object */ = {
			isa = PBXProject;
			attributes = {
				LastSwiftUpdateCheck = 1110;
				LastUpgradeCheck = 1110;
				ORGANIZATIONNAME = "Mattia Campolese";
				TargetAttributes = {
					E50015C42369E22500A0DBBF = {
						CreatedOnToolsVersion = 11.1;
						LastSwiftMigration = 1110;
					};
					E50015DC2369E45C00A0DBBF = {
						CreatedOnToolsVersion = 11.1;
						LastSwiftMigration = 1110;
					};
					E5039BF52369837800F20E49 = {
						CreatedOnToolsVersion = 11.1;
					};
					E5039C11236983B500F20E49 = {
						CreatedOnToolsVersion = 11.1;
					};
					E59BF1062369D61000681BB0 = {
						CreatedOnToolsVersion = 11.1;
						LastSwiftMigration = 1110;
					};
					E59BF11E2369D97E00681BB0 = {
						CreatedOnToolsVersion = 11.1;
						TestTargetID = E5039BF52369837800F20E49;
					};
				};
			};
			buildConfigurationList = E5039BF12369837800F20E49 /* Build configuration list for PBXProject "TestDynamicLinking" */;
			compatibilityVersion = "Xcode 9.3";
			developmentRegion = en;
			hasScannedForEncodings = 0;
			knownRegions = (
				en,
				Base,
			);
			mainGroup = E5039BED2369837800F20E49;
			productRefGroup = E5039BF72369837800F20E49 /* Products */;
			projectDirPath = "";
			projectRoot = "";
			targets = (
				E5039BF52369837800F20E49 /* TestDynamicLinking */,
				E50015DC2369E45C00A0DBBF /* AppLayer */,
				E5039C11236983B500F20E49 /* ExampleJourney */,
				E59BF1062369D61000681BB0 /* ExampleJourneyIntegration */,
				E59BF11E2369D97E00681BB0 /* TestDynamicLinkingUITests */,
				E50015C42369E22500A0DBBF /* CoreModels */,
			);
		};
/* End PBXProject section */

/* Begin PBXResourcesBuildPhase section */
		E50015C32369E22500A0DBBF /* Resources */ = {
			isa = PBXResourcesBuildPhase;
			buildActionMask = 2147483647;
			files = (
			);
			runOnlyForDeploymentPostprocessing = 0;
		};
		E50015DB2369E45C00A0DBBF /* Resources */ = {
			isa = PBXResourcesBuildPhase;
			buildActionMask = 2147483647;
			files = (
			);
			runOnlyForDeploymentPostprocessing = 0;
		};
		E5039BF42369837800F20E49 /* Resources */ = {
			isa = PBXResourcesBuildPhase;
			buildActionMask = 2147483647;
			files = (
				E5039C062369837C00F20E49 /* LaunchScreen.storyboard in Resources */,
				E5039C032369837C00F20E49 /* Preview Assets.xcassets in Resources */,
				E5039C002369837C00F20E49 /* Assets.xcassets in Resources */,
			);
			runOnlyForDeploymentPostprocessing = 0;
		};
		E5039C10236983B500F20E49 /* Resources */ = {
			isa = PBXResourcesBuildPhase;
			buildActionMask = 2147483647;
			files = (
				E59BF1342369DF4E00681BB0 /* JourneyAsset.xcassets in Resources */,
			);
			runOnlyForDeploymentPostprocessing = 0;
		};
		E59BF1052369D61000681BB0 /* Resources */ = {
			isa = PBXResourcesBuildPhase;
			buildActionMask = 2147483647;
			files = (
				E50015BF2369E0BB00A0DBBF /* JourneyAsset.xcassets in Resources */,
			);
			runOnlyForDeploymentPostprocessing = 0;
		};
		E59BF11D2369D97E00681BB0 /* Resources */ = {
			isa = PBXResourcesBuildPhase;
			buildActionMask = 2147483647;
			files = (
			);
			runOnlyForDeploymentPostprocessing = 0;
		};
/* End PBXResourcesBuildPhase section */

/* Begin PBXSourcesBuildPhase section */
		E50015C12369E22500A0DBBF /* Sources */ = {
			isa = PBXSourcesBuildPhase;
			buildActionMask = 2147483647;
			files = (
				E50015D32369E23600A0DBBF /* CoreModels.swift in Sources */,
			);
			runOnlyForDeploymentPostprocessing = 0;
		};
		E50015D92369E45C00A0DBBF /* Sources */ = {
			isa = PBXSourcesBuildPhase;
			buildActionMask = 2147483647;
			files = (
				E50015EA2369E49600A0DBBF /* AppInitializer.swift in Sources */,
			);
			runOnlyForDeploymentPostprocessing = 0;
		};
		E5039BF22369837800F20E49 /* Sources */ = {
			isa = PBXSourcesBuildPhase;
			buildActionMask = 2147483647;
			files = (
				E50015D72369E42600A0DBBF /* Integrations.swift in Sources */,
				E5039BFA2369837800F20E49 /* AppDelegate.swift in Sources */,
			);
			runOnlyForDeploymentPostprocessing = 0;
		};
		E5039C0E236983B500F20E49 /* Sources */ = {
			isa = PBXSourcesBuildPhase;
			buildActionMask = 2147483647;
			files = (
				E5039C1F236983BA00F20E49 /* JourneyMessage.swift in Sources */,
			);
			runOnlyForDeploymentPostprocessing = 0;
		};
		E59BF1032369D61000681BB0 /* Sources */ = {
			isa = PBXSourcesBuildPhase;
			buildActionMask = 2147483647;
			files = (
				E59BF1152369D66200681BB0 /* ExampleJourneyIntegration.swift in Sources */,
			);
			runOnlyForDeploymentPostprocessing = 0;
		};
		E59BF11B2369D97E00681BB0 /* Sources */ = {
			isa = PBXSourcesBuildPhase;
			buildActionMask = 2147483647;
			files = (
				E59BF1222369D97E00681BB0 /* TestDynamicLinkingUITests.swift in Sources */,
			);
			runOnlyForDeploymentPostprocessing = 0;
		};
/* End PBXSourcesBuildPhase section */

/* Begin PBXTargetDependency section */
		E50015CB2369E22500A0DBBF /* PBXTargetDependency */ = {
			isa = PBXTargetDependency;
			target = E50015C42369E22500A0DBBF /* CoreModels */;
			targetProxy = E50015CA2369E22500A0DBBF /* PBXContainerItemProxy */;
		};
		E50015D52369E29000A0DBBF /* PBXTargetDependency */ = {
			isa = PBXTargetDependency;
			target = E50015C42369E22500A0DBBF /* CoreModels */;
			targetProxy = E50015D42369E29000A0DBBF /* PBXContainerItemProxy */;
		};
		E50015E32369E45C00A0DBBF /* PBXTargetDependency */ = {
			isa = PBXTargetDependency;
			target = E50015DC2369E45C00A0DBBF /* AppLayer */;
			targetProxy = E50015E22369E45C00A0DBBF /* PBXContainerItemProxy */;
		};
		E50015EC2369E4C600A0DBBF /* PBXTargetDependency */ = {
			isa = PBXTargetDependency;
			target = E50015C42369E22500A0DBBF /* CoreModels */;
			targetProxy = E50015EB2369E4C600A0DBBF /* PBXContainerItemProxy */;
		};
		E59BF1252369D97E00681BB0 /* PBXTargetDependency */ = {
			isa = PBXTargetDependency;
			target = E5039BF52369837800F20E49 /* TestDynamicLinking */;
			targetProxy = E59BF1242369D97E00681BB0 /* PBXContainerItemProxy */;
		};
		E59BF12E2369DCCF00681BB0 /* PBXTargetDependency */ = {
			isa = PBXTargetDependency;
			target = E5039C11236983B500F20E49 /* ExampleJourney */;
			targetProxy = E59BF12D2369DCCF00681BB0 /* PBXContainerItemProxy */;
		};
/* End PBXTargetDependency section */

/* Begin PBXVariantGroup section */
		E5039C042369837C00F20E49 /* LaunchScreen.storyboard */ = {
			isa = PBXVariantGroup;
			children = (
				E5039C052369837C00F20E49 /* Base */,
			);
			name = LaunchScreen.storyboard;
			sourceTree = "<group>";
		};
/* End PBXVariantGroup section */

/* Begin XCBuildConfiguration section */
		E50015CF2369E22500A0DBBF /* Debug */ = {
			isa = XCBuildConfiguration;
			buildSettings = {
				CLANG_ENABLE_MODULES = YES;
				CODE_SIGN_STYLE = Automatic;
				CURRENT_PROJECT_VERSION = 1;
				DEFINES_MODULE = YES;
				DEVELOPMENT_TEAM = EUPRJDEKWL;
				DYLIB_COMPATIBILITY_VERSION = 1;
				DYLIB_CURRENT_VERSION = 1;
				DYLIB_INSTALL_NAME_BASE = "@rpath";
				INFOPLIST_FILE = CoreModels/Info.plist;
				INSTALL_PATH = "$(LOCAL_LIBRARY_DIR)/Frameworks";
				LD_RUNPATH_SEARCH_PATHS = (
					"$(inherited)",
					"@executable_path/Frameworks",
					"@loader_path/Frameworks",
				);
				PRODUCT_BUNDLE_IDENTIFIER = uk.easyfutureltd.CoreModels;
				PRODUCT_NAME = "$(TARGET_NAME:c99extidentifier)";
				SKIP_INSTALL = YES;
				SWIFT_OPTIMIZATION_LEVEL = "-Onone";
				SWIFT_VERSION = 5.0;
				TARGETED_DEVICE_FAMILY = "1,2";
				VERSIONING_SYSTEM = "apple-generic";
				VERSION_INFO_PREFIX = "";
			};
			name = Debug;
		};
		E50015D02369E22500A0DBBF /* Release */ = {
			isa = XCBuildConfiguration;
			buildSettings = {
				CLANG_ENABLE_MODULES = YES;
				CODE_SIGN_STYLE = Automatic;
				CURRENT_PROJECT_VERSION = 1;
				DEFINES_MODULE = YES;
				DEVELOPMENT_TEAM = EUPRJDEKWL;
				DYLIB_COMPATIBILITY_VERSION = 1;
				DYLIB_CURRENT_VERSION = 1;
				DYLIB_INSTALL_NAME_BASE = "@rpath";
				INFOPLIST_FILE = CoreModels/Info.plist;
				INSTALL_PATH = "$(LOCAL_LIBRARY_DIR)/Frameworks";
				LD_RUNPATH_SEARCH_PATHS = (
					"$(inherited)",
					"@executable_path/Frameworks",
					"@loader_path/Frameworks",
				);
				PRODUCT_BUNDLE_IDENTIFIER = uk.easyfutureltd.CoreModels;
				PRODUCT_NAME = "$(TARGET_NAME:c99extidentifier)";
				SKIP_INSTALL = YES;
				SWIFT_VERSION = 5.0;
				TARGETED_DEVICE_FAMILY = "1,2";
				VERSIONING_SYSTEM = "apple-generic";
				VERSION_INFO_PREFIX = "";
			};
			name = Release;
		};
		E50015E72369E45C00A0DBBF /* Debug */ = {
			isa = XCBuildConfiguration;
			buildSettings = {
				CLANG_ENABLE_MODULES = YES;
				CODE_SIGN_STYLE = Automatic;
				CURRENT_PROJECT_VERSION = 1;
				DEFINES_MODULE = YES;
				DEVELOPMENT_TEAM = EUPRJDEKWL;
				DYLIB_COMPATIBILITY_VERSION = 1;
				DYLIB_CURRENT_VERSION = 1;
				DYLIB_INSTALL_NAME_BASE = "@rpath";
				INFOPLIST_FILE = AppLayer/Info.plist;
				INSTALL_PATH = "$(LOCAL_LIBRARY_DIR)/Frameworks";
				LD_RUNPATH_SEARCH_PATHS = (
					"$(inherited)",
					"@executable_path/Frameworks",
					"@loader_path/Frameworks",
				);
				MACH_O_TYPE = staticlib;
				PRODUCT_BUNDLE_IDENTIFIER = uk.easyfutureltd.AppLayer;
				PRODUCT_NAME = "$(TARGET_NAME:c99extidentifier)";
				SKIP_INSTALL = YES;
				SWIFT_OPTIMIZATION_LEVEL = "-Onone";
				SWIFT_VERSION = 5.0;
				TARGETED_DEVICE_FAMILY = "1,2";
				VERSIONING_SYSTEM = "apple-generic";
				VERSION_INFO_PREFIX = "";
			};
			name = Debug;
		};
		E50015E82369E45C00A0DBBF /* Release */ = {
			isa = XCBuildConfiguration;
			buildSettings = {
				CLANG_ENABLE_MODULES = YES;
				CODE_SIGN_STYLE = Automatic;
				CURRENT_PROJECT_VERSION = 1;
				DEFINES_MODULE = YES;
				DEVELOPMENT_TEAM = EUPRJDEKWL;
				DYLIB_COMPATIBILITY_VERSION = 1;
				DYLIB_CURRENT_VERSION = 1;
				DYLIB_INSTALL_NAME_BASE = "@rpath";
				INFOPLIST_FILE = AppLayer/Info.plist;
				INSTALL_PATH = "$(LOCAL_LIBRARY_DIR)/Frameworks";
				LD_RUNPATH_SEARCH_PATHS = (
					"$(inherited)",
					"@executable_path/Frameworks",
					"@loader_path/Frameworks",
				);
				MACH_O_TYPE = staticlib;
				PRODUCT_BUNDLE_IDENTIFIER = uk.easyfutureltd.AppLayer;
				PRODUCT_NAME = "$(TARGET_NAME:c99extidentifier)";
				SKIP_INSTALL = YES;
				SWIFT_VERSION = 5.0;
				TARGETED_DEVICE_FAMILY = "1,2";
				VERSIONING_SYSTEM = "apple-generic";
				VERSION_INFO_PREFIX = "";
			};
			name = Release;
		};
		E5039C082369837C00F20E49 /* Debug */ = {
			isa = XCBuildConfiguration;
			buildSettings = {
				ALWAYS_SEARCH_USER_PATHS = NO;
				CLANG_ANALYZER_NONNULL = YES;
				CLANG_ANALYZER_NUMBER_OBJECT_CONVERSION = YES_AGGRESSIVE;
				CLANG_CXX_LANGUAGE_STANDARD = "gnu++14";
				CLANG_CXX_LIBRARY = "libc++";
				CLANG_ENABLE_MODULES = YES;
				CLANG_ENABLE_OBJC_ARC = YES;
				CLANG_ENABLE_OBJC_WEAK = YES;
				CLANG_WARN_BLOCK_CAPTURE_AUTORELEASING = YES;
				CLANG_WARN_BOOL_CONVERSION = YES;
				CLANG_WARN_COMMA = YES;
				CLANG_WARN_CONSTANT_CONVERSION = YES;
				CLANG_WARN_DEPRECATED_OBJC_IMPLEMENTATIONS = YES;
				CLANG_WARN_DIRECT_OBJC_ISA_USAGE = YES_ERROR;
				CLANG_WARN_DOCUMENTATION_COMMENTS = YES;
				CLANG_WARN_EMPTY_BODY = YES;
				CLANG_WARN_ENUM_CONVERSION = YES;
				CLANG_WARN_INFINITE_RECURSION = YES;
				CLANG_WARN_INT_CONVERSION = YES;
				CLANG_WARN_NON_LITERAL_NULL_CONVERSION = YES;
				CLANG_WARN_OBJC_IMPLICIT_RETAIN_SELF = YES;
				CLANG_WARN_OBJC_LITERAL_CONVERSION = YES;
				CLANG_WARN_OBJC_ROOT_CLASS = YES_ERROR;
				CLANG_WARN_RANGE_LOOP_ANALYSIS = YES;
				CLANG_WARN_STRICT_PROTOTYPES = YES;
				CLANG_WARN_SUSPICIOUS_MOVE = YES;
				CLANG_WARN_UNGUARDED_AVAILABILITY = YES_AGGRESSIVE;
				CLANG_WARN_UNREACHABLE_CODE = YES;
				CLANG_WARN__DUPLICATE_METHOD_MATCH = YES;
				COPY_PHASE_STRIP = NO;
				DEBUG_INFORMATION_FORMAT = dwarf;
				ENABLE_STRICT_OBJC_MSGSEND = YES;
				ENABLE_TESTABILITY = YES;
				GCC_C_LANGUAGE_STANDARD = gnu11;
				GCC_DYNAMIC_NO_PIC = NO;
				GCC_NO_COMMON_BLOCKS = YES;
				GCC_OPTIMIZATION_LEVEL = 0;
				GCC_PREPROCESSOR_DEFINITIONS = (
					"DEBUG=1",
					"$(inherited)",
				);
				GCC_WARN_64_TO_32_BIT_CONVERSION = YES;
				GCC_WARN_ABOUT_RETURN_TYPE = YES_ERROR;
				GCC_WARN_UNDECLARED_SELECTOR = YES;
				GCC_WARN_UNINITIALIZED_AUTOS = YES_AGGRESSIVE;
				GCC_WARN_UNUSED_FUNCTION = YES;
				GCC_WARN_UNUSED_VARIABLE = YES;
				IPHONEOS_DEPLOYMENT_TARGET = 13.1;
				MTL_ENABLE_DEBUG_INFO = INCLUDE_SOURCE;
				MTL_FAST_MATH = YES;
				ONLY_ACTIVE_ARCH = YES;
				SDKROOT = iphoneos;
				SWIFT_ACTIVE_COMPILATION_CONDITIONS = DEBUG;
				SWIFT_OPTIMIZATION_LEVEL = "-Onone";
			};
			name = Debug;
		};
		E5039C092369837C00F20E49 /* Release */ = {
			isa = XCBuildConfiguration;
			buildSettings = {
				ALWAYS_SEARCH_USER_PATHS = NO;
				CLANG_ANALYZER_NONNULL = YES;
				CLANG_ANALYZER_NUMBER_OBJECT_CONVERSION = YES_AGGRESSIVE;
				CLANG_CXX_LANGUAGE_STANDARD = "gnu++14";
				CLANG_CXX_LIBRARY = "libc++";
				CLANG_ENABLE_MODULES = YES;
				CLANG_ENABLE_OBJC_ARC = YES;
				CLANG_ENABLE_OBJC_WEAK = YES;
				CLANG_WARN_BLOCK_CAPTURE_AUTORELEASING = YES;
				CLANG_WARN_BOOL_CONVERSION = YES;
				CLANG_WARN_COMMA = YES;
				CLANG_WARN_CONSTANT_CONVERSION = YES;
				CLANG_WARN_DEPRECATED_OBJC_IMPLEMENTATIONS = YES;
				CLANG_WARN_DIRECT_OBJC_ISA_USAGE = YES_ERROR;
				CLANG_WARN_DOCUMENTATION_COMMENTS = YES;
				CLANG_WARN_EMPTY_BODY = YES;
				CLANG_WARN_ENUM_CONVERSION = YES;
				CLANG_WARN_INFINITE_RECURSION = YES;
				CLANG_WARN_INT_CONVERSION = YES;
				CLANG_WARN_NON_LITERAL_NULL_CONVERSION = YES;
				CLANG_WARN_OBJC_IMPLICIT_RETAIN_SELF = YES;
				CLANG_WARN_OBJC_LITERAL_CONVERSION = YES;
				CLANG_WARN_OBJC_ROOT_CLASS = YES_ERROR;
				CLANG_WARN_RANGE_LOOP_ANALYSIS = YES;
				CLANG_WARN_STRICT_PROTOTYPES = YES;
				CLANG_WARN_SUSPICIOUS_MOVE = YES;
				CLANG_WARN_UNGUARDED_AVAILABILITY = YES_AGGRESSIVE;
				CLANG_WARN_UNREACHABLE_CODE = YES;
				CLANG_WARN__DUPLICATE_METHOD_MATCH = YES;
				COPY_PHASE_STRIP = NO;
				DEBUG_INFORMATION_FORMAT = "dwarf-with-dsym";
				ENABLE_NS_ASSERTIONS = NO;
				ENABLE_STRICT_OBJC_MSGSEND = YES;
				GCC_C_LANGUAGE_STANDARD = gnu11;
				GCC_NO_COMMON_BLOCKS = YES;
				GCC_WARN_64_TO_32_BIT_CONVERSION = YES;
				GCC_WARN_ABOUT_RETURN_TYPE = YES_ERROR;
				GCC_WARN_UNDECLARED_SELECTOR = YES;
				GCC_WARN_UNINITIALIZED_AUTOS = YES_AGGRESSIVE;
				GCC_WARN_UNUSED_FUNCTION = YES;
				GCC_WARN_UNUSED_VARIABLE = YES;
				IPHONEOS_DEPLOYMENT_TARGET = 13.1;
				MTL_ENABLE_DEBUG_INFO = NO;
				MTL_FAST_MATH = YES;
				SDKROOT = iphoneos;
				SWIFT_COMPILATION_MODE = wholemodule;
				SWIFT_OPTIMIZATION_LEVEL = "-O";
				VALIDATE_PRODUCT = YES;
			};
			name = Release;
		};
		E5039C0B2369837C00F20E49 /* Debug */ = {
			isa = XCBuildConfiguration;
			buildSettings = {
				ALWAYS_EMBED_SWIFT_STANDARD_LIBRARIES = YES;
				ASSETCATALOG_COMPILER_APPICON_NAME = AppIcon;
				CODE_SIGN_STYLE = Automatic;
				DEVELOPMENT_ASSET_PATHS = "\"TestDynamicLinking/Preview Content\"";
				DEVELOPMENT_TEAM = EUPRJDEKWL;
				ENABLE_PREVIEWS = YES;
				INFOPLIST_FILE = TestDynamicLinking/Info.plist;
				LD_RUNPATH_SEARCH_PATHS = (
					"$(inherited)",
					"@executable_path/Frameworks",
				);
				PRODUCT_BUNDLE_IDENTIFIER = uk.easyfutureltd.TestDynamicLinking;
				PRODUCT_NAME = "$(TARGET_NAME)";
				SWIFT_VERSION = 5.0;
				TARGETED_DEVICE_FAMILY = "1,2";
			};
			name = Debug;
		};
		E5039C0C2369837C00F20E49 /* Release */ = {
			isa = XCBuildConfiguration;
			buildSettings = {
				ALWAYS_EMBED_SWIFT_STANDARD_LIBRARIES = YES;
				ASSETCATALOG_COMPILER_APPICON_NAME = AppIcon;
				CODE_SIGN_STYLE = Automatic;
				DEVELOPMENT_ASSET_PATHS = "\"TestDynamicLinking/Preview Content\"";
				DEVELOPMENT_TEAM = EUPRJDEKWL;
				ENABLE_PREVIEWS = YES;
				INFOPLIST_FILE = TestDynamicLinking/Info.plist;
				LD_RUNPATH_SEARCH_PATHS = (
					"$(inherited)",
					"@executable_path/Frameworks",
				);
				PRODUCT_BUNDLE_IDENTIFIER = uk.easyfutureltd.TestDynamicLinking;
				PRODUCT_NAME = "$(TARGET_NAME)";
				SWIFT_VERSION = 5.0;
				TARGETED_DEVICE_FAMILY = "1,2";
			};
			name = Release;
		};
		E5039C1C236983B500F20E49 /* Debug */ = {
			isa = XCBuildConfiguration;
			buildSettings = {
				CODE_SIGN_STYLE = Automatic;
				CURRENT_PROJECT_VERSION = 1;
				DEFINES_MODULE = YES;
				DEVELOPMENT_TEAM = EUPRJDEKWL;
				DYLIB_COMPATIBILITY_VERSION = 1;
				DYLIB_CURRENT_VERSION = 1;
				DYLIB_INSTALL_NAME_BASE = "@rpath";
				INFOPLIST_FILE = ExampleJourney/Info.plist;
				INSTALL_PATH = "$(LOCAL_LIBRARY_DIR)/Frameworks";
				LD_RUNPATH_SEARCH_PATHS = (
					"$(inherited)",
					"@executable_path/Frameworks",
					"@loader_path/Frameworks",
				);
				MACH_O_TYPE = staticlib;
				PRODUCT_BUNDLE_IDENTIFIER = uk.easyfutureltd.ExampleJourney;
				PRODUCT_NAME = "$(TARGET_NAME:c99extidentifier)";
				SKIP_INSTALL = YES;
				SWIFT_VERSION = 5.0;
				TARGETED_DEVICE_FAMILY = "1,2";
				VERSIONING_SYSTEM = "apple-generic";
				VERSION_INFO_PREFIX = "";
			};
			name = Debug;
		};
		E5039C1D236983B500F20E49 /* Release */ = {
			isa = XCBuildConfiguration;
			buildSettings = {
				CODE_SIGN_STYLE = Automatic;
				CURRENT_PROJECT_VERSION = 1;
				DEFINES_MODULE = YES;
				DEVELOPMENT_TEAM = EUPRJDEKWL;
				DYLIB_COMPATIBILITY_VERSION = 1;
				DYLIB_CURRENT_VERSION = 1;
				DYLIB_INSTALL_NAME_BASE = "@rpath";
				INFOPLIST_FILE = ExampleJourney/Info.plist;
				INSTALL_PATH = "$(LOCAL_LIBRARY_DIR)/Frameworks";
				LD_RUNPATH_SEARCH_PATHS = (
					"$(inherited)",
					"@executable_path/Frameworks",
					"@loader_path/Frameworks",
				);
				MACH_O_TYPE = staticlib;
				PRODUCT_BUNDLE_IDENTIFIER = uk.easyfutureltd.ExampleJourney;
				PRODUCT_NAME = "$(TARGET_NAME:c99extidentifier)";
				SKIP_INSTALL = YES;
				SWIFT_VERSION = 5.0;
				TARGETED_DEVICE_FAMILY = "1,2";
				VERSIONING_SYSTEM = "apple-generic";
				VERSION_INFO_PREFIX = "";
			};
			name = Release;
		};
		E59BF1112369D61000681BB0 /* Debug */ = {
			isa = XCBuildConfiguration;
			buildSettings = {
				CLANG_ENABLE_MODULES = YES;
				CODE_SIGN_STYLE = Automatic;
				CURRENT_PROJECT_VERSION = 1;
				DEFINES_MODULE = YES;
				DEVELOPMENT_TEAM = EUPRJDEKWL;
				DYLIB_COMPATIBILITY_VERSION = 1;
				DYLIB_CURRENT_VERSION = 1;
				DYLIB_INSTALL_NAME_BASE = "@rpath";
				INFOPLIST_FILE = ExampleJourneyIntegration/Info.plist;
				INSTALL_PATH = "$(LOCAL_LIBRARY_DIR)/Frameworks";
				LD_RUNPATH_SEARCH_PATHS = (
					"$(inherited)",
					"@executable_path/Frameworks",
					"@loader_path/Frameworks",
				);
				PRODUCT_BUNDLE_IDENTIFIER = uk.easyfutureltd.ExampleJourneyIntegration;
				PRODUCT_NAME = "$(TARGET_NAME:c99extidentifier)";
				SKIP_INSTALL = YES;
				SWIFT_OPTIMIZATION_LEVEL = "-Onone";
				SWIFT_VERSION = 5.0;
				TARGETED_DEVICE_FAMILY = "1,2";
				VERSIONING_SYSTEM = "apple-generic";
				VERSION_INFO_PREFIX = "";
			};
			name = Debug;
		};
		E59BF1122369D61000681BB0 /* Release */ = {
			isa = XCBuildConfiguration;
			buildSettings = {
				CLANG_ENABLE_MODULES = YES;
				CODE_SIGN_STYLE = Automatic;
				CURRENT_PROJECT_VERSION = 1;
				DEFINES_MODULE = YES;
				DEVELOPMENT_TEAM = EUPRJDEKWL;
				DYLIB_COMPATIBILITY_VERSION = 1;
				DYLIB_CURRENT_VERSION = 1;
				DYLIB_INSTALL_NAME_BASE = "@rpath";
				INFOPLIST_FILE = ExampleJourneyIntegration/Info.plist;
				INSTALL_PATH = "$(LOCAL_LIBRARY_DIR)/Frameworks";
				LD_RUNPATH_SEARCH_PATHS = (
					"$(inherited)",
					"@executable_path/Frameworks",
					"@loader_path/Frameworks",
				);
				PRODUCT_BUNDLE_IDENTIFIER = uk.easyfutureltd.ExampleJourneyIntegration;
				PRODUCT_NAME = "$(TARGET_NAME:c99extidentifier)";
				SKIP_INSTALL = YES;
				SWIFT_VERSION = 5.0;
				TARGETED_DEVICE_FAMILY = "1,2";
				VERSIONING_SYSTEM = "apple-generic";
				VERSION_INFO_PREFIX = "";
			};
			name = Release;
		};
		E59BF1272369D97E00681BB0 /* Debug */ = {
			isa = XCBuildConfiguration;
			buildSettings = {
				CODE_SIGN_STYLE = Automatic;
				DEVELOPMENT_TEAM = EUPRJDEKWL;
				INFOPLIST_FILE = TestDynamicLinkingUITests/Info.plist;
				LD_RUNPATH_SEARCH_PATHS = (
					"$(inherited)",
					"@executable_path/Frameworks",
					"@loader_path/Frameworks",
				);
				PRODUCT_BUNDLE_IDENTIFIER = uk.easyfutureltd.TestDynamicLinkingUITests;
				PRODUCT_NAME = "$(TARGET_NAME)";
				SWIFT_VERSION = 5.0;
				TARGETED_DEVICE_FAMILY = "1,2";
				TEST_TARGET_NAME = TestDynamicLinking;
			};
			name = Debug;
		};
		E59BF1282369D97E00681BB0 /* Release */ = {
			isa = XCBuildConfiguration;
			buildSettings = {
				CODE_SIGN_STYLE = Automatic;
				DEVELOPMENT_TEAM = EUPRJDEKWL;
				INFOPLIST_FILE = TestDynamicLinkingUITests/Info.plist;
				LD_RUNPATH_SEARCH_PATHS = (
					"$(inherited)",
					"@executable_path/Frameworks",
					"@loader_path/Frameworks",
				);
				PRODUCT_BUNDLE_IDENTIFIER = uk.easyfutureltd.TestDynamicLinkingUITests;
				PRODUCT_NAME = "$(TARGET_NAME)";
				SWIFT_VERSION = 5.0;
				TARGETED_DEVICE_FAMILY = "1,2";
				TEST_TARGET_NAME = TestDynamicLinking;
			};
			name = Release;
		};
/* End XCBuildConfiguration section */

/* Begin XCConfigurationList section */
		E50015CE2369E22500A0DBBF /* Build configuration list for PBXNativeTarget "CoreModels" */ = {
			isa = XCConfigurationList;
			buildConfigurations = (
				E50015CF2369E22500A0DBBF /* Debug */,
				E50015D02369E22500A0DBBF /* Release */,
			);
			defaultConfigurationIsVisible = 0;
			defaultConfigurationName = Release;
		};
		E50015E62369E45C00A0DBBF /* Build configuration list for PBXNativeTarget "AppLayer" */ = {
			isa = XCConfigurationList;
			buildConfigurations = (
				E50015E72369E45C00A0DBBF /* Debug */,
				E50015E82369E45C00A0DBBF /* Release */,
			);
			defaultConfigurationIsVisible = 0;
			defaultConfigurationName = Release;
		};
		E5039BF12369837800F20E49 /* Build configuration list for PBXProject "TestDynamicLinking" */ = {
			isa = XCConfigurationList;
			buildConfigurations = (
				E5039C082369837C00F20E49 /* Debug */,
				E5039C092369837C00F20E49 /* Release */,
			);
			defaultConfigurationIsVisible = 0;
			defaultConfigurationName = Release;
		};
		E5039C0A2369837C00F20E49 /* Build configuration list for PBXNativeTarget "TestDynamicLinking" */ = {
			isa = XCConfigurationList;
			buildConfigurations = (
				E5039C0B2369837C00F20E49 /* Debug */,
				E5039C0C2369837C00F20E49 /* Release */,
			);
			defaultConfigurationIsVisible = 0;
			defaultConfigurationName = Release;
		};
		E5039C1B236983B500F20E49 /* Build configuration list for PBXNativeTarget "ExampleJourney" */ = {
			isa = XCConfigurationList;
			buildConfigurations = (
				E5039C1C236983B500F20E49 /* Debug */,
				E5039C1D236983B500F20E49 /* Release */,
			);
			defaultConfigurationIsVisible = 0;
			defaultConfigurationName = Release;
		};
		E59BF1102369D61000681BB0 /* Build configuration list for PBXNativeTarget "ExampleJourneyIntegration" */ = {
			isa = XCConfigurationList;
			buildConfigurations = (
				E59BF1112369D61000681BB0 /* Debug */,
				E59BF1122369D61000681BB0 /* Release */,
			);
			defaultConfigurationIsVisible = 0;
			defaultConfigurationName = Release;
		};
		E59BF1262369D97E00681BB0 /* Build configuration list for PBXNativeTarget "TestDynamicLinkingUITests" */ = {
			isa = XCConfigurationList;
			buildConfigurations = (
				E59BF1272369D97E00681BB0 /* Debug */,
				E59BF1282369D97E00681BB0 /* Release */,
			);
			defaultConfigurationIsVisible = 0;
			defaultConfigurationName = Release;
		};
/* End XCConfigurationList section */
	};
	rootObject = E5039BEE2369837800F20E49 /* Project object */;
}
